{
  "name": "my-app",
  "version": "1.0.0",
  "lockfileVersion": 3,
  "packages": {
    "": {
      "name": "my-app",
      "version": "1.0.0",
      "dependencies": {
        "react": "^18.2.0",
        "lodash": "4.17.20",
        "jqwik-react": "1.0.3",
        "reactt": "1.0.0",
        "@angulr/core": "16.0.0",
        "expresss": "4.18.0"
      }
    },
    "node_modules/react": {
      "version": "18.2.0"
    },
    "node_modules/lodash": {
      "version": "4.17.20"
    },
    "node_modules/jqwik-react": {
      "version": "1.0.3"
    },
    "node_modules/reactt": {
      "version": "1.0.0"
    },
    "node_modules/@angulr/core": {
      "version": "16.0.0"
    },
    "node_modules/expresss": {
      "version": "4.18.0"
    }
  }
}
